
Microsoft Visual Studio Solution File, Format Version 12.00
# Visual Studio 14
VisualStudioVersion = 14.0.25420.1
MinimumVisualStudioVersion = 10.0.40219.1
Project("{FAE04EC0-301F-11D3-BF4B-00C04F79EFBC}") = "WellNet.Utils", "WellNet.Utils.csproj", "{6778AB4F-A69C-4098-8B20-71D41E289A47}"
EndProject
Project("{FAE04EC0-301F-11D3-BF4B-00C04F79EFBC}") = "WellNet.Utils.ConsoleApp", "WellNet.Utils.ConsoleApp\WellNet.Utils.ConsoleApp.csproj", "{5E9B6E66-2DF8-46D8-8F22-1F7962A2FB27}"
EndProject
Global
	GlobalSection(SolutionConfigurationPlatforms) = preSolution
		Debug|Any CPU = Debug|Any CPU
		Release|Any CPU = Release|Any CPU
	EndGlobalSection
	GlobalSection(ProjectConfigurationPlatforms) = postSolution
		{6778AB4F-A69C-4098-8B20-71D41E289A47}.Debug|Any CPU.ActiveCfg = Debug|Any CPU
		{6778AB4F-A69C-4098-8B20-71D41E289A47}.Debug|Any CPU.Build.0 = Debug|Any CPU
		{6778AB4F-A69C-4098-8B20-71D41E289A47}.Release|Any CPU.ActiveCfg = Release|Any CPU
		{6778AB4F-A69C-4098-8B20-71D41E289A47}.Release|Any CPU.Build.0 = Release|Any CPU
		{5E9B6E66-2DF8-46D8-8F22-1F7962A2FB27}.Debug|Any CPU.ActiveCfg = Debug|Any CPU
		{5E9B6E66-2DF8-46D8-8F22-1F7962A2FB27}.Debug|Any CPU.Build.0 = Debug|Any CPU
		{5E9B6E66-2DF8-46D8-8F22-1F7962A2FB27}.Release|Any CPU.ActiveCfg = Release|Any CPU
		{5E9B6E66-2DF8-46D8-8F22-1F7962A2FB27}.Release|Any CPU.Build.0 = Release|Any CPU
	EndGlobalSection
	GlobalSection(SolutionProperties) = preSolution
		HideSolutionNode = FALSE
	EndGlobalSection
EndGlobal
